
Microsoft Visual Studio Solution File, Format Version 12.00
# Visual Studio Version 16
VisualStudioVersion = 16.0.31410.357
MinimumVisualStudioVersion = 10.0.40219.1
Project("{FAE04EC0-301F-11D3-BF4B-00C04F79EFBC}") = "TokenJWT", "TokenJWT\TokenJWT.csproj", "{9E1067E5-C68B-4BF0-B7B8-412E93739387}"
EndProject
Global
	GlobalSection(SolutionConfigurationPlatforms) = preSolution
		Debug|Any CPU = Debug|Any CPU
		Release|Any CPU = Release|Any CPU
	EndGlobalSection
	GlobalSection(ProjectConfigurationPlatforms) = postSolution
		{9E1067E5-C68B-4BF0-B7B8-412E93739387}.Debug|Any CPU.ActiveCfg = Debug|Any CPU
		{9E1067E5-C68B-4BF0-B7B8-412E93739387}.Debug|Any CPU.Build.0 = Debug|Any CPU
		{9E1067E5-C68B-4BF0-B7B8-412E93739387}.Release|Any CPU.ActiveCfg = Release|Any CPU
		{9E1067E5-C68B-4BF0-B7B8-412E93739387}.Release|Any CPU.Build.0 = Release|Any CPU
	EndGlobalSection
	GlobalSection(SolutionProperties) = preSolution
		HideSolutionNode = FALSE
	EndGlobalSection
	GlobalSection(ExtensibilityGlobals) = postSolution
		SolutionGuid = {54F95348-F43D-4523-9DEF-BE0730F21A46}
	EndGlobalSection
EndGlobal
